
Microsoft Visual Studio Solution File, Format Version 12.00
# Visual Studio 15
VisualStudioVersion = 15.0.28307.168
MinimumVisualStudioVersion = 10.0.40219.1
Project("{8BC9CEB8-8B4A-11D0-8D11-00A0C91BC942}") = "DTC_Algoritam v2", "DTC_Algoritam v2\DTC_Algoritam v2.vcxproj", "{72F08BCE-4012-4E2F-8F9E-AC100FA229BC}"
EndProject
Global
	GlobalSection(SolutionConfigurationPlatforms) = preSolution
		Debug|x64 = Debug|x64
		Debug|x86 = Debug|x86
		Release|x64 = Release|x64
		Release|x86 = Release|x86
	EndGlobalSection
	GlobalSection(ProjectConfigurationPlatforms) = postSolution
		{72F08BCE-4012-4E2F-8F9E-AC100FA229BC}.Debug|x64.ActiveCfg = Debug|x64
		{72F08BCE-4012-4E2F-8F9E-AC100FA229BC}.Debug|x64.Build.0 = Debug|x64
		{72F08BCE-4012-4E2F-8F9E-AC100FA229BC}.Debug|x86.ActiveCfg = Debug|Win32
		{72F08BCE-4012-4E2F-8F9E-AC100FA229BC}.Debug|x86.Build.0 = Debug|Win32
		{72F08BCE-4012-4E2F-8F9E-AC100FA229BC}.Release|x64.ActiveCfg = Release|x64
		{72F08BCE-4012-4E2F-8F9E-AC100FA229BC}.Release|x64.Build.0 = Release|x64
		{72F08BCE-4012-4E2F-8F9E-AC100FA229BC}.Release|x86.ActiveCfg = Release|Win32
		{72F08BCE-4012-4E2F-8F9E-AC100FA229BC}.Release|x86.Build.0 = Release|Win32
	EndGlobalSection
	GlobalSection(SolutionProperties) = preSolution
		HideSolutionNode = FALSE
	EndGlobalSection
	GlobalSection(ExtensibilityGlobals) = postSolution
		SolutionGuid = {2E265472-B33B-4331-B1AC-94AB258F5A14}
	EndGlobalSection
EndGlobal
